<?xml version="1.0" encoding="utf-8"?>
<Project ToolsVersion="4.0" xmlns="http://schemas.microsoft.com/developer/msbuild/2003">
  <ItemGroup>
    <Filter Include="Systems">
      <UniqueIdentifier>{20c84e2b-0404-4996-a394-bf09636b66c4}</UniqueIdentifier>
    </Filter>
    <Filter Include="Events">
      <UniqueIdentifier>{54f684dc-628a-4c08-80c9-1b49e2e54eb6}</UniqueIdentifier>
    </Filter>
    <Filter Include="Data">
      <UniqueIdentifier>{78535052-bf2c-4145-9006-fa36c2456835}</UniqueIdentifier>
    </Filter>
    <Filter Include="Actions">
      <UniqueIdentifier>{c389a30d-3815-4012-85f5-5cf32dcb75cc}</UniqueIdentifier>
    </Filter>
    <Filter Include="Util">
      <UniqueIdentifier>{412e0fd5-18ab-40fb-865d-8abb83be4067}</UniqueIdentifier>
    </Filter>
    <Filter Include="Systems\Damage">
      <UniqueIdentifier>{d543ce4c-3ade-4683-baf0-7b18571253bd}</UniqueIdentifier>
    </Filter>
    <Filter Include="Components">
      <UniqueIdentifier>{677ae421-6d40-4858-ae6e-96b7843e4e9c}</UniqueIdentifier>
    </Filter>
  </ItemGroup>
  <ItemGroup>
    <ClCompile Include="Systems\DistanceSystem.cpp">
      <Filter>Systems</Filter>
    </ClCompile>
    <ClCompile Include="Systems\DistanceVictorySystem.cpp">
      <Filter>Systems</Filter>
    </ClCompile>
    <ClCompile Include="Systems\TurnPhaseSystem.cpp">
      <Filter>Systems</Filter>
    </ClCompile>
    <ClCompile Include="Systems\FlagshipSystem.cpp">
      <Filter>Systems</Filter>
    </ClCompile>
    <ClCompile Include="Systems\CardStateSystem.cpp">
      <Filter>Systems</Filter>
    </ClCompile>
    <ClCompile Include="Systems\FlagshipDefeatSystem.cpp">
      <Filter>Systems</Filter>
    </ClCompile>
    <ClCompile Include="Systems\JumpThreatSystem.cpp">
      <Filter>Systems</Filter>
    </ClCompile>
    <ClCompile Include="Systems\ThreatSystem.cpp">
      <Filter>Systems</Filter>
    </ClCompile>
    <ClCompile Include="Systems\EnemyAttackSystem.cpp">
      <Filter>Systems</Filter>
    </ClCompile>
    <ClCompile Include="Events\ClientConnectedEvent.cpp">
      <Filter>Events</Filter>
    </ClCompile>
    <ClCompile Include="Systems\PlayerSystem.cpp">
      <Filter>Systems</Filter>
    </ClCompile>
    <ClCompile Include="Systems\AssignmentSystem.cpp">
      <Filter>Systems</Filter>
    </ClCompile>
    <ClCompile Include="Events\FightStartedEvent.cpp">
      <Filter>Events</Filter>
    </ClCompile>
    <ClCompile Include="Systems\FightSystem.cpp">
      <Filter>Systems</Filter>
    </ClCompile>
    <ClCompile Include="Data\Deck.cpp">
      <Filter>Data</Filter>
    </ClCompile>
    <ClCompile Include="Actions\AddThreatAction.cpp">
      <Filter>Actions</Filter>
    </ClCompile>
    <ClCompile Include="Events\EnemyCardPlayedEvent.cpp">
      <Filter>Events</Filter>
    </ClCompile>
    <ClCompile Include="Util\Random.cpp">
      <Filter>Util</Filter>
    </ClCompile>
    <ClCompile Include="Events\ShipVictoriousEvent.cpp">
      <Filter>Events</Filter>
    </ClCompile>
    <ClCompile Include="Events\ShipDefeatedEvent.cpp">
      <Filter>Events</Filter>
    </ClCompile>
    <ClCompile Include="Systems\DamageSystem.cpp">
      <Filter>Systems</Filter>
    </ClCompile>
    <ClCompile Include="Systems\JumpEnemyRemovalSystem.cpp">
      <Filter>Systems</Filter>
    </ClCompile>
    <ClCompile Include="Systems\PlayerDeckSystem.cpp">
      <Filter>Systems</Filter>
    </ClCompile>
    <ClCompile Include="Components\PlayerDeckComponent.cpp">
      <Filter>Components</Filter>
    </ClCompile>
  </ItemGroup>
  <ItemGroup>
    <ClInclude Include="Systems\DistanceSystem.h">
      <Filter>Systems</Filter>
    </ClInclude>
    <ClInclude Include="Systems\DistanceVictorySystem.h">
      <Filter>Systems</Filter>
    </ClInclude>
    <ClInclude Include="Systems\TurnPhaseSystem.h">
      <Filter>Systems</Filter>
    </ClInclude>
    <ClInclude Include="Systems\FlagshipSystem.h">
      <Filter>Systems</Filter>
    </ClInclude>
    <ClInclude Include="Systems\CardStateSystem.h">
      <Filter>Systems</Filter>
    </ClInclude>
    <ClInclude Include="Systems\FlagshipDefeatSystem.h">
      <Filter>Systems</Filter>
    </ClInclude>
    <ClInclude Include="Systems\JumpThreatSystem.h">
      <Filter>Systems</Filter>
    </ClInclude>
    <ClInclude Include="Systems\ThreatSystem.h">
      <Filter>Systems</Filter>
    </ClInclude>
    <ClInclude Include="Systems\EnemyAttackSystem.h">
      <Filter>Systems</Filter>
    </ClInclude>
    <ClInclude Include="Events\ClientConnectedEvent.h">
      <Filter>Events</Filter>
    </ClInclude>
    <ClInclude Include="Systems\PlayerSystem.h">
      <Filter>Systems</Filter>
    </ClInclude>
    <ClInclude Include="Systems\AssignmentSystem.h">
      <Filter>Systems</Filter>
    </ClInclude>
    <ClInclude Include="Events\FightStartedEvent.h">
      <Filter>Events</Filter>
    </ClInclude>
    <ClInclude Include="Systems\FightSystem.h">
      <Filter>Systems</Filter>
    </ClInclude>
    <ClInclude Include="Data\CardData.h">
      <Filter>Data</Filter>
    </ClInclude>
    <ClInclude Include="Data\Deck.h">
      <Filter>Data</Filter>
    </ClInclude>
    <ClInclude Include="Actions\AddThreatAction.h">
      <Filter>Actions</Filter>
    </ClInclude>
    <ClInclude Include="Events\EnemyCardPlayedEvent.h">
      <Filter>Events</Filter>
    </ClInclude>
    <ClInclude Include="Util\Random.h">
      <Filter>Util</Filter>
    </ClInclude>
    <ClInclude Include="Systems\DamageSystem.h">
      <Filter>Systems</Filter>
    </ClInclude>
    <ClInclude Include="Events\ShipVictoriousEvent.h">
      <Filter>Events</Filter>
    </ClInclude>
    <ClInclude Include="Events\ShipDefeatedEvent.h">
      <Filter>Events</Filter>
    </ClInclude>
    <ClInclude Include="Systems\Damage\DamageData.h">
      <Filter>Systems\Damage</Filter>
    </ClInclude>
    <ClInclude Include="Systems\JumpEnemyRemovalSystem.h">
      <Filter>Systems</Filter>
    </ClInclude>
    <ClInclude Include="Systems\PlayerDeckSystem.h">
      <Filter>Systems</Filter>
    </ClInclude>
    <ClInclude Include="Components\PlayerDeckComponent.h">
      <Filter>Components</Filter>
    </ClInclude>
  </ItemGroup>
</Project>