<?xml version="1.0" encoding="utf-8"?>
<Project ToolsVersion="4.0" xmlns="http://schemas.microsoft.com/developer/msbuild/2003">
  <ItemGroup>
    <Filter Include="Systems">
      <UniqueIdentifier>{20c84e2b-0404-4996-a394-bf09636b66c4}</UniqueIdentifier>
    </Filter>
    <Filter Include="Events">
      <UniqueIdentifier>{54f684dc-628a-4c08-80c9-1b49e2e54eb6}</UniqueIdentifier>
    </Filter>
  </ItemGroup>
  <ItemGroup>
    <ClCompile Include="Systems\DistanceSystem.cpp">
      <Filter>Systems</Filter>
    </ClCompile>
    <ClCompile Include="Systems\DistanceVictorySystem.cpp">
      <Filter>Systems</Filter>
    </ClCompile>
    <ClCompile Include="Systems\TurnPhaseSystem.cpp">
      <Filter>Systems</Filter>
    </ClCompile>
    <ClCompile Include="Systems\FlagshipSystem.cpp">
      <Filter>Systems</Filter>
    </ClCompile>
    <ClCompile Include="Systems\CardStateSystem.cpp">
      <Filter>Systems</Filter>
    </ClCompile>
    <ClCompile Include="Systems\FlagshipDefeatSystem.cpp">
      <Filter>Systems</Filter>
    </ClCompile>
    <ClCompile Include="Systems\JumpThreatSystem.cpp">
      <Filter>Systems</Filter>
    </ClCompile>
    <ClCompile Include="Systems\ThreatSystem.cpp">
      <Filter>Systems</Filter>
    </ClCompile>
    <ClCompile Include="Systems\EnemyAttackSystem.cpp">
      <Filter>Systems</Filter>
    </ClCompile>
    <ClCompile Include="Events\ClientConnectedEvent.cpp">
      <Filter>Events</Filter>
    </ClCompile>
    <ClCompile Include="Systems\PlayerSystem.cpp">
      <Filter>Systems</Filter>
    </ClCompile>
    <ClCompile Include="Systems\AssignmentSystem.cpp">
      <Filter>Systems</Filter>
    </ClCompile>
    <ClCompile Include="Events\FightStartedEvent.cpp">
      <Filter>Events</Filter>
    </ClCompile>
    <ClCompile Include="Systems\FightSystem.cpp">
      <Filter>Systems</Filter>
    </ClCompile>
  </ItemGroup>
  <ItemGroup>
    <ClInclude Include="Systems\DistanceSystem.h">
      <Filter>Systems</Filter>
    </ClInclude>
    <ClInclude Include="Systems\DistanceVictorySystem.h">
      <Filter>Systems</Filter>
    </ClInclude>
    <ClInclude Include="Systems\TurnPhaseSystem.h">
      <Filter>Systems</Filter>
    </ClInclude>
    <ClInclude Include="Systems\FlagshipSystem.h">
      <Filter>Systems</Filter>
    </ClInclude>
    <ClInclude Include="Systems\CardStateSystem.h">
      <Filter>Systems</Filter>
    </ClInclude>
    <ClInclude Include="Systems\FlagshipDefeatSystem.h">
      <Filter>Systems</Filter>
    </ClInclude>
    <ClInclude Include="Systems\JumpThreatSystem.h">
      <Filter>Systems</Filter>
    </ClInclude>
    <ClInclude Include="Systems\ThreatSystem.h">
      <Filter>Systems</Filter>
    </ClInclude>
    <ClInclude Include="Systems\EnemyAttackSystem.h">
      <Filter>Systems</Filter>
    </ClInclude>
    <ClInclude Include="Events\ClientConnectedEvent.h">
      <Filter>Events</Filter>
    </ClInclude>
    <ClInclude Include="Systems\PlayerSystem.h">
      <Filter>Systems</Filter>
    </ClInclude>
    <ClInclude Include="Systems\AssignmentSystem.h">
      <Filter>Systems</Filter>
    </ClInclude>
    <ClInclude Include="Events\FightStartedEvent.h">
      <Filter>Events</Filter>
    </ClInclude>
    <ClInclude Include="Systems\FightSystem.h">
      <Filter>Systems</Filter>
    </ClInclude>
  </ItemGroup>
</Project>