<?xml version="1.0" encoding="utf-8"?>
<Project ToolsVersion="4.0" xmlns="http://schemas.microsoft.com/developer/msbuild/2003">
  <ItemGroup>
    <Filter Include="Network">
      <UniqueIdentifier>{f718dceb-1184-4e71-8fd1-4ebd05b3a580}</UniqueIdentifier>
    </Filter>
    <Filter Include="Systems">
      <UniqueIdentifier>{883c378b-95a5-45d6-beba-56b7795c5b25}</UniqueIdentifier>
    </Filter>
  </ItemGroup>
  <ItemGroup>
    <ClCompile Include="Main.cpp" />
    <ClCompile Include="Network\ServerEventWriter.cpp">
      <Filter>Network</Filter>
    </ClCompile>
    <ClCompile Include="Network\ClientActionReader.cpp">
      <Filter>Network</Filter>
    </ClCompile>
    <ClCompile Include="Network\SocketManager.cpp">
      <Filter>Network</Filter>
    </ClCompile>
    <ClCompile Include="MasterServer.cpp" />
    <ClCompile Include="ServerGame.cpp" />
    <ClCompile Include="ServerEventDispatcher.cpp" />
    <ClCompile Include="Systems\DistanceSystem.cpp">
      <Filter>Systems</Filter>
    </ClCompile>
  </ItemGroup>
  <ItemGroup>
    <ClInclude Include="Network\ServerEventWriter.h">
      <Filter>Network</Filter>
    </ClInclude>
    <ClInclude Include="Network\ClientActionReader.h">
      <Filter>Network</Filter>
    </ClInclude>
    <ClInclude Include="Network\SocketManager.h">
      <Filter>Network</Filter>
    </ClInclude>
    <ClInclude Include="MasterServer.h" />
    <ClInclude Include="ServerGame.h" />
    <ClInclude Include="ServerEventDispatcher.h" />
    <ClInclude Include="Systems\DistanceSystem.h">
      <Filter>Systems</Filter>
    </ClInclude>
  </ItemGroup>
</Project>