<?xml version="1.0" encoding="utf-8"?>
<Project ToolsVersion="4.0" xmlns="http://schemas.microsoft.com/developer/msbuild/2003">
  <ItemGroup>
    <Filter Include="Network">
      <UniqueIdentifier>{f718dceb-1184-4e71-8fd1-4ebd05b3a580}</UniqueIdentifier>
    </Filter>
    <Filter Include="Util">
      <UniqueIdentifier>{926b2e3b-1fb9-404a-a08b-f91be9fe6009}</UniqueIdentifier>
    </Filter>
    <Filter Include="Util\MD5">
      <UniqueIdentifier>{3673eb1a-b8f7-4ef8-af41-0dee78dcfbb5}</UniqueIdentifier>
    </Filter>
  </ItemGroup>
  <ItemGroup>
    <ClCompile Include="Main.cpp" />
    <ClCompile Include="Network\ServerEventWriter.cpp">
      <Filter>Network</Filter>
    </ClCompile>
    <ClCompile Include="Network\ClientActionReader.cpp">
      <Filter>Network</Filter>
    </ClCompile>
    <ClCompile Include="Network\SocketManager.cpp">
      <Filter>Network</Filter>
    </ClCompile>
    <ClCompile Include="MasterServer.cpp" />
    <ClCompile Include="ServerGame.cpp" />
    <ClCompile Include="ServerEventDispatcher.cpp" />
    <ClCompile Include="Util\MD5\MD5.cpp">
      <Filter>Util\MD5</Filter>
    </ClCompile>
    <ClCompile Include="Util\MD5\MD5String.cpp">
      <Filter>Util\MD5</Filter>
    </ClCompile>
    <ClCompile Include="Network\HTTPClient.cpp">
      <Filter>Network</Filter>
    </ClCompile>
  </ItemGroup>
  <ItemGroup>
    <ClInclude Include="Network\ServerEventWriter.h">
      <Filter>Network</Filter>
    </ClInclude>
    <ClInclude Include="Network\ClientActionReader.h">
      <Filter>Network</Filter>
    </ClInclude>
    <ClInclude Include="Network\SocketManager.h">
      <Filter>Network</Filter>
    </ClInclude>
    <ClInclude Include="MasterServer.h" />
    <ClInclude Include="ServerGame.h" />
    <ClInclude Include="ServerEventDispatcher.h" />
    <ClInclude Include="Util\MD5\MD5.h">
      <Filter>Util\MD5</Filter>
    </ClInclude>
    <ClInclude Include="Util\MD5\MD5String.h">
      <Filter>Util\MD5</Filter>
    </ClInclude>
    <ClInclude Include="Network\HTTPClient.h">
      <Filter>Network</Filter>
    </ClInclude>
    <ClInclude Include="Network\HTTPRequest.h">
      <Filter>Network</Filter>
    </ClInclude>
    <ClInclude Include="Util\GUID\GUID.h" />
    <ClInclude Include="PinnedDownClientData.h" />
  </ItemGroup>
</Project>