
Microsoft Visual Studio Solution File, Format Version 12.00
# Visual Studio 2012
Project("{8BC9CEB8-8B4A-11D0-8D11-00A0C91BC942}") = "PinnedDownServer", "PinnedDownServer\PinnedDownServer.vcxproj", "{3248A54D-83B8-41FF-BFBC-F13B3D64C9CE}"
EndProject
Project("{8BC9CEB8-8B4A-11D0-8D11-00A0C91BC942}") = "PinnedDownNet", "..\..\..\pinned-down-net\Source\PinnedDownNet\PinnedDownNet\PinnedDownNet.vcxproj", "{2C645185-98F4-4398-9CF2-319CF875E6D1}"
EndProject
Project("{8BC9CEB8-8B4A-11D0-8D11-00A0C91BC942}") = "PinnedDownCore", "..\..\..\pinned-down-core\Source\PinnedDownCore\PinnedDownCore\PinnedDownCore.vcxproj", "{51037F52-F903-4BB2-90CD-70B5BDE869DE}"
EndProject
Global
	GlobalSection(SolutionConfigurationPlatforms) = preSolution
		Debug|Win32 = Debug|Win32
		Release|Win32 = Release|Win32
	EndGlobalSection
	GlobalSection(ProjectConfigurationPlatforms) = postSolution
		{3248A54D-83B8-41FF-BFBC-F13B3D64C9CE}.Debug|Win32.ActiveCfg = Debug|Win32
		{3248A54D-83B8-41FF-BFBC-F13B3D64C9CE}.Debug|Win32.Build.0 = Debug|Win32
		{3248A54D-83B8-41FF-BFBC-F13B3D64C9CE}.Release|Win32.ActiveCfg = Release|Win32
		{3248A54D-83B8-41FF-BFBC-F13B3D64C9CE}.Release|Win32.Build.0 = Release|Win32
		{2C645185-98F4-4398-9CF2-319CF875E6D1}.Debug|Win32.ActiveCfg = Debug|Win32
		{2C645185-98F4-4398-9CF2-319CF875E6D1}.Debug|Win32.Build.0 = Debug|Win32
		{2C645185-98F4-4398-9CF2-319CF875E6D1}.Release|Win32.ActiveCfg = Release|Win32
		{2C645185-98F4-4398-9CF2-319CF875E6D1}.Release|Win32.Build.0 = Release|Win32
		{51037F52-F903-4BB2-90CD-70B5BDE869DE}.Debug|Win32.ActiveCfg = Debug|Win32
		{51037F52-F903-4BB2-90CD-70B5BDE869DE}.Debug|Win32.Build.0 = Debug|Win32
		{51037F52-F903-4BB2-90CD-70B5BDE869DE}.Release|Win32.ActiveCfg = Release|Win32
		{51037F52-F903-4BB2-90CD-70B5BDE869DE}.Release|Win32.Build.0 = Release|Win32
	EndGlobalSection
	GlobalSection(SolutionProperties) = preSolution
		HideSolutionNode = FALSE
	EndGlobalSection
EndGlobal
